
Microsoft Visual Studio Solution File, Format Version 12.00
# Visual Studio Version 16
VisualStudioVersion = 16.0.30611.23
MinimumVisualStudioVersion = 10.0.40219.1
Project("{9A19103F-16F7-4668-BE54-9A1E7A4F7556}") = "AuthenticationService", "AuthenticationService\AuthenticationService.csproj", "{A738E897-2680-4291-B79D-8D91561EC49C}"
EndProject
Project("{FAE04EC0-301F-11D3-BF4B-00C04F79EFBC}") = "AuthServiceTest", "AuthServiceTest\AuthServiceTest.csproj", "{3B61E9F3-B11A-45CF-9A65-84071EBDF620}"
EndProject
Global
	GlobalSection(SolutionConfigurationPlatforms) = preSolution
		Debug|Any CPU = Debug|Any CPU
		Release|Any CPU = Release|Any CPU
	EndGlobalSection
	GlobalSection(ProjectConfigurationPlatforms) = postSolution
		{A738E897-2680-4291-B79D-8D91561EC49C}.Debug|Any CPU.ActiveCfg = Debug|Any CPU
		{A738E897-2680-4291-B79D-8D91561EC49C}.Debug|Any CPU.Build.0 = Debug|Any CPU
		{A738E897-2680-4291-B79D-8D91561EC49C}.Release|Any CPU.ActiveCfg = Release|Any CPU
		{A738E897-2680-4291-B79D-8D91561EC49C}.Release|Any CPU.Build.0 = Release|Any CPU
		{3B61E9F3-B11A-45CF-9A65-84071EBDF620}.Debug|Any CPU.ActiveCfg = Debug|Any CPU
		{3B61E9F3-B11A-45CF-9A65-84071EBDF620}.Debug|Any CPU.Build.0 = Debug|Any CPU
		{3B61E9F3-B11A-45CF-9A65-84071EBDF620}.Release|Any CPU.ActiveCfg = Release|Any CPU
		{3B61E9F3-B11A-45CF-9A65-84071EBDF620}.Release|Any CPU.Build.0 = Release|Any CPU
	EndGlobalSection
	GlobalSection(SolutionProperties) = preSolution
		HideSolutionNode = FALSE
	EndGlobalSection
	GlobalSection(ExtensibilityGlobals) = postSolution
		SolutionGuid = {0C7ED2E2-D793-45CA-8531-9BD02595189D}
	EndGlobalSection
EndGlobal
